
Microsoft Visual Studio Solution File, Format Version 12.00
# Visual Studio Version 16
VisualStudioVersion = 16.0.32106.194
MinimumVisualStudioVersion = 10.0.40219.1
Project("{FAE04EC0-301F-11D3-BF4B-00C04F79EFBC}") = "Capa_Presentacion", "Capa_Presentacion\Capa_Presentacion.csproj", "{FFEE51F9-D880-460F-A64E-44A3E8453CBB}"
EndProject
Project("{FAE04EC0-301F-11D3-BF4B-00C04F79EFBC}") = "CapaNegocio", "CapaNegocio\CapaNegocio.csproj", "{3C628E44-0B97-430E-965E-2D38C7E9D08F}"
EndProject
Project("{FAE04EC0-301F-11D3-BF4B-00C04F79EFBC}") = "CapaEntidad", "CapaEntidad\CapaEntidad.csproj", "{C4101CE8-446F-4D29-B478-B54D2AC973DF}"
EndProject
Project("{FAE04EC0-301F-11D3-BF4B-00C04F79EFBC}") = "CapaDatos", "CapaDatos\CapaDatos.csproj", "{28CDD552-CA5F-4856-A636-1197E0EE304C}"
EndProject
Global
	GlobalSection(SolutionConfigurationPlatforms) = preSolution
		Debug|Any CPU = Debug|Any CPU
		Release|Any CPU = Release|Any CPU
	EndGlobalSection
	GlobalSection(ProjectConfigurationPlatforms) = postSolution
		{FFEE51F9-D880-460F-A64E-44A3E8453CBB}.Debug|Any CPU.ActiveCfg = Debug|Any CPU
		{FFEE51F9-D880-460F-A64E-44A3E8453CBB}.Debug|Any CPU.Build.0 = Debug|Any CPU
		{FFEE51F9-D880-460F-A64E-44A3E8453CBB}.Release|Any CPU.ActiveCfg = Release|Any CPU
		{FFEE51F9-D880-460F-A64E-44A3E8453CBB}.Release|Any CPU.Build.0 = Release|Any CPU
		{3C628E44-0B97-430E-965E-2D38C7E9D08F}.Debug|Any CPU.ActiveCfg = Debug|Any CPU
		{3C628E44-0B97-430E-965E-2D38C7E9D08F}.Debug|Any CPU.Build.0 = Debug|Any CPU
		{3C628E44-0B97-430E-965E-2D38C7E9D08F}.Release|Any CPU.ActiveCfg = Release|Any CPU
		{3C628E44-0B97-430E-965E-2D38C7E9D08F}.Release|Any CPU.Build.0 = Release|Any CPU
		{C4101CE8-446F-4D29-B478-B54D2AC973DF}.Debug|Any CPU.ActiveCfg = Debug|Any CPU
		{C4101CE8-446F-4D29-B478-B54D2AC973DF}.Debug|Any CPU.Build.0 = Debug|Any CPU
		{C4101CE8-446F-4D29-B478-B54D2AC973DF}.Release|Any CPU.ActiveCfg = Release|Any CPU
		{C4101CE8-446F-4D29-B478-B54D2AC973DF}.Release|Any CPU.Build.0 = Release|Any CPU
		{28CDD552-CA5F-4856-A636-1197E0EE304C}.Debug|Any CPU.ActiveCfg = Debug|Any CPU
		{28CDD552-CA5F-4856-A636-1197E0EE304C}.Debug|Any CPU.Build.0 = Debug|Any CPU
		{28CDD552-CA5F-4856-A636-1197E0EE304C}.Release|Any CPU.ActiveCfg = Release|Any CPU
		{28CDD552-CA5F-4856-A636-1197E0EE304C}.Release|Any CPU.Build.0 = Release|Any CPU
	EndGlobalSection
	GlobalSection(SolutionProperties) = preSolution
		HideSolutionNode = FALSE
	EndGlobalSection
	GlobalSection(ExtensibilityGlobals) = postSolution
		SolutionGuid = {07E86F8A-B48A-47EA-A5DA-6A51B08EA729}
	EndGlobalSection
EndGlobal
